<?xml version="1.0" encoding="utf-8"?>
<Project ToolsVersion="4.0" xmlns="http://schemas.microsoft.com/developer/msbuild/2003">
  <ItemGroup>
    <Filter Include="Source Files">
      <UniqueIdentifier>{4FC737F1-C7A5-4376-A066-2A32D752A2FF}</UniqueIdentifier>
      <Extensions>cpp;c;cc;cxx;def;odl;idl;hpj;bat;asm;asmx</Extensions>
    </Filter>
    <Filter Include="Header Files">
      <UniqueIdentifier>{93995380-89BD-4b04-88EB-625FBE52EBFB}</UniqueIdentifier>
      <Extensions>h;hh;hpp;hxx;hm;inl;inc;ipp;xsd</Extensions>
    </Filter>
    <Filter Include="Header Files\Game">
      <UniqueIdentifier>{3becfea5-ca65-4bce-9cd2-fa485325aa89}</UniqueIdentifier>
    </Filter>
    <Filter Include="Source Files\Game">
      <UniqueIdentifier>{ea9048a6-f312-4c71-9588-8181e40612c2}</UniqueIdentifier>
    </Filter>
    <Filter Include="Source Files\Basic">
      <UniqueIdentifier>{3562854a-bad7-4a73-be65-75a0924f06b1}</UniqueIdentifier>
    </Filter>
    <Filter Include="Header Files\Basic">
      <UniqueIdentifier>{24395004-cd89-4919-9b86-d84b3890bbd1}</UniqueIdentifier>
    </Filter>
    <Filter Include="Header Files\Objects">
      <UniqueIdentifier>{9eeab922-122b-4b6b-bfd3-e584f495e18b}</UniqueIdentifier>
    </Filter>
    <Filter Include="Source Files\Objects">
      <UniqueIdentifier>{fc5cedb9-d868-4ea1-a85c-5254aed9123d}</UniqueIdentifier>
    </Filter>
    <Filter Include="Header Files\Objects\Physics">
      <UniqueIdentifier>{357ad18f-199c-4a92-b5d3-66a798267692}</UniqueIdentifier>
    </Filter>
    <Filter Include="Source Files\Objects\Physics">
      <UniqueIdentifier>{1f37baf4-8d85-4e33-84c2-bd8e3e9d144e}</UniqueIdentifier>
    </Filter>
    <Filter Include="Header Files\Basic\Figures">
      <UniqueIdentifier>{89294e35-c8ab-475f-9d38-3862db0598f5}</UniqueIdentifier>
    </Filter>
    <Filter Include="Header Files\Objects\Player">
      <UniqueIdentifier>{0030bb99-570c-4992-8213-2b98b219434d}</UniqueIdentifier>
    </Filter>
    <Filter Include="Header Files\Objects\Common">
      <UniqueIdentifier>{6fcaa0a2-3421-4dd5-866b-ea2a42e25eeb}</UniqueIdentifier>
    </Filter>
    <Filter Include="Header Files\Game\Map">
      <UniqueIdentifier>{aac41b98-698c-42e5-baea-700b5483d51b}</UniqueIdentifier>
    </Filter>
    <Filter Include="Source Files\Game\Map">
      <UniqueIdentifier>{f245708f-a474-410b-997d-d1f345935968}</UniqueIdentifier>
    </Filter>
    <Filter Include="Source Files\Basic\Figures">
      <UniqueIdentifier>{ac86011d-26f4-407e-a0f2-45eb54938e58}</UniqueIdentifier>
    </Filter>
    <Filter Include="Source Files\Objects\Common">
      <UniqueIdentifier>{1d5a9b76-3add-4f31-8f05-548ff9197140}</UniqueIdentifier>
    </Filter>
    <Filter Include="Header Files\Objects\Enemy">
      <UniqueIdentifier>{67daa40d-9840-4260-a726-e20f36eb6e80}</UniqueIdentifier>
    </Filter>
    <Filter Include="Source Files\Objects\Enemy">
      <UniqueIdentifier>{f0f39bce-968a-4e1d-a570-37624999ed41}</UniqueIdentifier>
    </Filter>
    <Filter Include="Source Files\Objects\Player">
      <UniqueIdentifier>{a7b1f5f9-7d37-414b-84b1-1d4f50d4d518}</UniqueIdentifier>
    </Filter>
    <Filter Include="Header Files\Ray_Cast">
      <UniqueIdentifier>{82233880-a53e-46d4-afb8-f9baae1b53d6}</UniqueIdentifier>
    </Filter>
    <Filter Include="Source Files\Ray_Cast">
      <UniqueIdentifier>{2edbe5fe-c68a-40a5-b093-232d65d6f134}</UniqueIdentifier>
    </Filter>
  </ItemGroup>
  <ItemGroup>
    <ClCompile Include="Physics.cpp">
      <Filter>Source Files\Objects\Physics</Filter>
    </ClCompile>
    <ClCompile Include="mathvector.cpp">
      <Filter>Source Files\Basic</Filter>
    </ClCompile>
    <ClCompile Include="main.cpp">
      <Filter>Source Files\Game</Filter>
    </ClCompile>
    <ClCompile Include="game.cpp">
      <Filter>Source Files\Game</Filter>
    </ClCompile>
    <ClCompile Include="map.cpp">
      <Filter>Source Files\Game\Map</Filter>
    </ClCompile>
    <ClCompile Include="bullet_set.cpp">
      <Filter>Source Files\Game\Map</Filter>
    </ClCompile>
    <ClCompile Include="tile.cpp">
      <Filter>Source Files\Game\Map</Filter>
    </ClCompile>
    <ClCompile Include="circle.cpp">
      <Filter>Source Files\Basic\Figures</Filter>
    </ClCompile>
    <ClCompile Include="rectangle.cpp">
      <Filter>Source Files\Basic\Figures</Filter>
    </ClCompile>
    <ClCompile Include="collision.cpp">
      <Filter>Source Files\Objects\Physics</Filter>
    </ClCompile>
    <ClCompile Include="bullet.cpp">
      <Filter>Source Files\Objects\Common</Filter>
    </ClCompile>
    <ClCompile Include="Boss.cpp">
      <Filter>Source Files\Objects\Enemy</Filter>
    </ClCompile>
    <ClCompile Include="target.cpp">
      <Filter>Source Files\Objects\Player</Filter>
    </ClCompile>
    <ClCompile Include="player.cpp">
      <Filter>Source Files\Objects\Player</Filter>
    </ClCompile>
    <ClCompile Include="ray.cpp">
      <Filter>Source Files\Ray_Cast</Filter>
    </ClCompile>
    <ClCompile Include="Boundary.cpp">
      <Filter>Source Files\Ray_Cast</Filter>
    </ClCompile>
  </ItemGroup>
  <ItemGroup>
    <ClInclude Include="Physics.h">
      <Filter>Header Files\Objects\Physics</Filter>
    </ClInclude>
    <ClInclude Include="Game.h">
      <Filter>Header Files\Game</Filter>
    </ClInclude>
    <ClInclude Include="mathvector.h">
      <Filter>Header Files\Basic</Filter>
    </ClInclude>
    <ClInclude Include="Rectangle.h">
      <Filter>Header Files\Basic\Figures</Filter>
    </ClInclude>
    <ClInclude Include="Basic_Math.h">
      <Filter>Header Files\Basic</Filter>
    </ClInclude>
    <ClInclude Include="Collision.h">
      <Filter>Header Files\Objects\Physics</Filter>
    </ClInclude>
    <ClInclude Include="Bullet.h">
      <Filter>Header Files\Objects\Common</Filter>
    </ClInclude>
    <ClInclude Include="Game_DB.h">
      <Filter>Header Files\Game</Filter>
    </ClInclude>
    <ClInclude Include="Map.h">
      <Filter>Header Files\Game\Map</Filter>
    </ClInclude>
    <ClInclude Include="Tile.h">
      <Filter>Header Files\Game\Map</Filter>
    </ClInclude>
    <ClInclude Include="Bullet_Set.h">
      <Filter>Header Files\Game\Map</Filter>
    </ClInclude>
    <ClInclude Include="Circle.h">
      <Filter>Header Files\Basic\Figures</Filter>
    </ClInclude>
    <ClInclude Include="Player.h">
      <Filter>Header Files\Objects\Player</Filter>
    </ClInclude>
    <ClInclude Include="Boss.h">
      <Filter>Header Files\Objects\Enemy</Filter>
    </ClInclude>
    <ClInclude Include="ray.h">
      <Filter>Header Files\Ray_Cast</Filter>
    </ClInclude>
    <ClInclude Include="boundary.h">
      <Filter>Header Files\Ray_Cast</Filter>
    </ClInclude>
    <ClInclude Include="Target.h">
      <Filter>Header Files\Objects\Player</Filter>
    </ClInclude>
  </ItemGroup>
</Project>